
Microsoft Visual Studio Solution File, Format Version 12.00
# Visual Studio 15
VisualStudioVersion = 15.0.27428.2037
MinimumVisualStudioVersion = 10.0.40219.1
Project("{FAE04EC0-301F-11D3-BF4B-00C04F79EFBC}") = "Beanify.Android", "Beanify\Beanify.Android\Beanify.Android.csproj", "{98679E74-1678-42CF-A5EE-8F8213234CD8}"
EndProject
Project("{FAE04EC0-301F-11D3-BF4B-00C04F79EFBC}") = "Beanify.iOS", "Beanify\Beanify.iOS\Beanify.iOS.csproj", "{E46443F8-B468-47D3-BFF1-A861B2DBE875}"
EndProject
Project("{FAE04EC0-301F-11D3-BF4B-00C04F79EFBC}") = "Beanify.UWP", "Beanify\Beanify.UWP\Beanify.UWP.csproj", "{0198DF65-1731-4272-A063-29694DF3B45E}"
EndProject
Project("{9A19103F-16F7-4668-BE54-9A1E7A4F7556}") = "Beanify", "Beanify\Beanify\Beanify.csproj", "{D8CEAD7C-4773-42F5-A842-D239EA730BDD}"
EndProject
Project("{FAE04EC0-301F-11D3-BF4B-00C04F79EFBC}") = "BeanifyWebApp", "BeanifyWebApp\BeanifyWebApp.csproj", "{6082ED39-79C8-497F-A4B1-DAFF45D51E6E}"
EndProject
Project("{FAE04EC0-301F-11D3-BF4B-00C04F79EFBC}") = "BeanifyMvcWebApp", "BeanifyMvcWebApp\BeanifyMvcWebApp.csproj", "{5EE062E2-3B6D-4CCF-A21B-AC3C847E58CA}"
EndProject
Project("{9A19103F-16F7-4668-BE54-9A1E7A4F7556}") = "CarouselView.FormsPlugin.Abstractions", "..\..\CarouselView\CarouselView\CarouselView.FormsPlugin.Abstractions\CarouselView.FormsPlugin.Abstractions.csproj", "{C58CC981-BAB2-4718-B988-9E9AA09F93E8}"
EndProject
Global
	GlobalSection(SolutionConfigurationPlatforms) = preSolution
		Ad-Hoc|Any CPU = Ad-Hoc|Any CPU
		Ad-Hoc|ARM = Ad-Hoc|ARM
		Ad-Hoc|iPhone = Ad-Hoc|iPhone
		Ad-Hoc|iPhoneSimulator = Ad-Hoc|iPhoneSimulator
		Ad-Hoc|x64 = Ad-Hoc|x64
		Ad-Hoc|x86 = Ad-Hoc|x86
		AppStore|Any CPU = AppStore|Any CPU
		AppStore|ARM = AppStore|ARM
		AppStore|iPhone = AppStore|iPhone
		AppStore|iPhoneSimulator = AppStore|iPhoneSimulator
		AppStore|x64 = AppStore|x64
		AppStore|x86 = AppStore|x86
		Debug|Any CPU = Debug|Any CPU
		Debug|ARM = Debug|ARM
		Debug|iPhone = Debug|iPhone
		Debug|iPhoneSimulator = Debug|iPhoneSimulator
		Debug|x64 = Debug|x64
		Debug|x86 = Debug|x86
		Release|Any CPU = Release|Any CPU
		Release|ARM = Release|ARM
		Release|iPhone = Release|iPhone
		Release|iPhoneSimulator = Release|iPhoneSimulator
		Release|x64 = Release|x64
		Release|x86 = Release|x86
	EndGlobalSection
	GlobalSection(ProjectConfigurationPlatforms) = postSolution
		{98679E74-1678-42CF-A5EE-8F8213234CD8}.Ad-Hoc|Any CPU.ActiveCfg = Release|Any CPU
		{98679E74-1678-42CF-A5EE-8F8213234CD8}.Ad-Hoc|Any CPU.Build.0 = Release|Any CPU
		{98679E74-1678-42CF-A5EE-8F8213234CD8}.Ad-Hoc|Any CPU.Deploy.0 = Release|Any CPU
		{98679E74-1678-42CF-A5EE-8F8213234CD8}.Ad-Hoc|ARM.ActiveCfg = Release|Any CPU
		{98679E74-1678-42CF-A5EE-8F8213234CD8}.Ad-Hoc|ARM.Build.0 = Release|Any CPU
		{98679E74-1678-42CF-A5EE-8F8213234CD8}.Ad-Hoc|ARM.Deploy.0 = Release|Any CPU
		{98679E74-1678-42CF-A5EE-8F8213234CD8}.Ad-Hoc|iPhone.ActiveCfg = Release|Any CPU
		{98679E74-1678-42CF-A5EE-8F8213234CD8}.Ad-Hoc|iPhone.Build.0 = Release|Any CPU
		{98679E74-1678-42CF-A5EE-8F8213234CD8}.Ad-Hoc|iPhone.Deploy.0 = Release|Any CPU
		{98679E74-1678-42CF-A5EE-8F8213234CD8}.Ad-Hoc|iPhoneSimulator.ActiveCfg = Release|Any CPU
		{98679E74-1678-42CF-A5EE-8F8213234CD8}.Ad-Hoc|iPhoneSimulator.Build.0 = Release|Any CPU
		{98679E74-1678-42CF-A5EE-8F8213234CD8}.Ad-Hoc|iPhoneSimulator.Deploy.0 = Release|Any CPU
		{98679E74-1678-42CF-A5EE-8F8213234CD8}.Ad-Hoc|x64.ActiveCfg = Release|Any CPU
		{98679E74-1678-42CF-A5EE-8F8213234CD8}.Ad-Hoc|x64.Build.0 = Release|Any CPU
		{98679E74-1678-42CF-A5EE-8F8213234CD8}.Ad-Hoc|x64.Deploy.0 = Release|Any CPU
		{98679E74-1678-42CF-A5EE-8F8213234CD8}.Ad-Hoc|x86.ActiveCfg = Release|Any CPU
		{98679E74-1678-42CF-A5EE-8F8213234CD8}.Ad-Hoc|x86.Build.0 = Release|Any CPU
		{98679E74-1678-42CF-A5EE-8F8213234CD8}.Ad-Hoc|x86.Deploy.0 = Release|Any CPU
		{98679E74-1678-42CF-A5EE-8F8213234CD8}.AppStore|Any CPU.ActiveCfg = Release|Any CPU
		{98679E74-1678-42CF-A5EE-8F8213234CD8}.AppStore|Any CPU.Build.0 = Release|Any CPU
		{98679E74-1678-42CF-A5EE-8F8213234CD8}.AppStore|Any CPU.Deploy.0 = Release|Any CPU
		{98679E74-1678-42CF-A5EE-8F8213234CD8}.AppStore|ARM.ActiveCfg = Release|Any CPU
		{98679E74-1678-42CF-A5EE-8F8213234CD8}.AppStore|ARM.Build.0 = Release|Any CPU
		{98679E74-1678-42CF-A5EE-8F8213234CD8}.AppStore|ARM.Deploy.0 = Release|Any CPU
		{98679E74-1678-42CF-A5EE-8F8213234CD8}.AppStore|iPhone.ActiveCfg = Release|Any CPU
		{98679E74-1678-42CF-A5EE-8F8213234CD8}.AppStore|iPhone.Build.0 = Release|Any CPU
		{98679E74-1678-42CF-A5EE-8F8213234CD8}.AppStore|iPhone.Deploy.0 = Release|Any CPU
		{98679E74-1678-42CF-A5EE-8F8213234CD8}.AppStore|iPhoneSimulator.ActiveCfg = Release|Any CPU
		{98679E74-1678-42CF-A5EE-8F8213234CD8}.AppStore|iPhoneSimulator.Build.0 = Release|Any CPU
		{98679E74-1678-42CF-A5EE-8F8213234CD8}.AppStore|iPhoneSimulator.Deploy.0 = Release|Any CPU
		{98679E74-1678-42CF-A5EE-8F8213234CD8}.AppStore|x64.ActiveCfg = Release|Any CPU
		{98679E74-1678-42CF-A5EE-8F8213234CD8}.AppStore|x64.Build.0 = Release|Any CPU
		{98679E74-1678-42CF-A5EE-8F8213234CD8}.AppStore|x64.Deploy.0 = Release|Any CPU
		{98679E74-1678-42CF-A5EE-8F8213234CD8}.AppStore|x86.ActiveCfg = Release|Any CPU
		{98679E74-1678-42CF-A5EE-8F8213234CD8}.AppStore|x86.Build.0 = Release|Any CPU
		{98679E74-1678-42CF-A5EE-8F8213234CD8}.AppStore|x86.Deploy.0 = Release|Any CPU
		{98679E74-1678-42CF-A5EE-8F8213234CD8}.Debug|Any CPU.ActiveCfg = Debug|Any CPU
		{98679E74-1678-42CF-A5EE-8F8213234CD8}.Debug|Any CPU.Build.0 = Debug|Any CPU
		{98679E74-1678-42CF-A5EE-8F8213234CD8}.Debug|Any CPU.Deploy.0 = Debug|Any CPU
		{98679E74-1678-42CF-A5EE-8F8213234CD8}.Debug|ARM.ActiveCfg = Debug|Any CPU
		{98679E74-1678-42CF-A5EE-8F8213234CD8}.Debug|ARM.Build.0 = Debug|Any CPU
		{98679E74-1678-42CF-A5EE-8F8213234CD8}.Debug|ARM.Deploy.0 = Debug|Any CPU
		{98679E74-1678-42CF-A5EE-8F8213234CD8}.Debug|iPhone.ActiveCfg = Debug|Any CPU
		{98679E74-1678-42CF-A5EE-8F8213234CD8}.Debug|iPhone.Build.0 = Debug|Any CPU
		{98679E74-1678-42CF-A5EE-8F8213234CD8}.Debug|iPhone.Deploy.0 = Debug|Any CPU
		{98679E74-1678-42CF-A5EE-8F8213234CD8}.Debug|iPhoneSimulator.ActiveCfg = Debug|Any CPU
		{98679E74-1678-42CF-A5EE-8F8213234CD8}.Debug|iPhoneSimulator.Build.0 = Debug|Any CPU
		{98679E74-1678-42CF-A5EE-8F8213234CD8}.Debug|iPhoneSimulator.Deploy.0 = Debug|Any CPU
		{98679E74-1678-42CF-A5EE-8F8213234CD8}.Debug|x64.ActiveCfg = Debug|Any CPU
		{98679E74-1678-42CF-A5EE-8F8213234CD8}.Debug|x64.Build.0 = Debug|Any CPU
		{98679E74-1678-42CF-A5EE-8F8213234CD8}.Debug|x64.Deploy.0 = Debug|Any CPU
		{98679E74-1678-42CF-A5EE-8F8213234CD8}.Debug|x86.ActiveCfg = Debug|Any CPU
		{98679E74-1678-42CF-A5EE-8F8213234CD8}.Debug|x86.Build.0 = Debug|Any CPU
		{98679E74-1678-42CF-A5EE-8F8213234CD8}.Debug|x86.Deploy.0 = Debug|Any CPU
		{98679E74-1678-42CF-A5EE-8F8213234CD8}.Release|Any CPU.ActiveCfg = Release|Any CPU
		{98679E74-1678-42CF-A5EE-8F8213234CD8}.Release|Any CPU.Build.0 = Release|Any CPU
		{98679E74-1678-42CF-A5EE-8F8213234CD8}.Release|Any CPU.Deploy.0 = Release|Any CPU
		{98679E74-1678-42CF-A5EE-8F8213234CD8}.Release|ARM.ActiveCfg = Release|Any CPU
		{98679E74-1678-42CF-A5EE-8F8213234CD8}.Release|ARM.Build.0 = Release|Any CPU
		{98679E74-1678-42CF-A5EE-8F8213234CD8}.Release|ARM.Deploy.0 = Release|Any CPU
		{98679E74-1678-42CF-A5EE-8F8213234CD8}.Release|iPhone.ActiveCfg = Release|Any CPU
		{98679E74-1678-42CF-A5EE-8F8213234CD8}.Release|iPhone.Build.0 = Release|Any CPU
		{98679E74-1678-42CF-A5EE-8F8213234CD8}.Release|iPhone.Deploy.0 = Release|Any CPU
		{98679E74-1678-42CF-A5EE-8F8213234CD8}.Release|iPhoneSimulator.ActiveCfg = Release|Any CPU
		{98679E74-1678-42CF-A5EE-8F8213234CD8}.Release|iPhoneSimulator.Build.0 = Release|Any CPU
		{98679E74-1678-42CF-A5EE-8F8213234CD8}.Release|iPhoneSimulator.Deploy.0 = Release|Any CPU
		{98679E74-1678-42CF-A5EE-8F8213234CD8}.Release|x64.ActiveCfg = Release|Any CPU
		{98679E74-1678-42CF-A5EE-8F8213234CD8}.Release|x64.Build.0 = Release|Any CPU
		{98679E74-1678-42CF-A5EE-8F8213234CD8}.Release|x64.Deploy.0 = Release|Any CPU
		{98679E74-1678-42CF-A5EE-8F8213234CD8}.Release|x86.ActiveCfg = Release|Any CPU
		{98679E74-1678-42CF-A5EE-8F8213234CD8}.Release|x86.Build.0 = Release|Any CPU
		{98679E74-1678-42CF-A5EE-8F8213234CD8}.Release|x86.Deploy.0 = Release|Any CPU
		{E46443F8-B468-47D3-BFF1-A861B2DBE875}.Ad-Hoc|Any CPU.ActiveCfg = Ad-Hoc|iPhone
		{E46443F8-B468-47D3-BFF1-A861B2DBE875}.Ad-Hoc|ARM.ActiveCfg = Ad-Hoc|iPhone
		{E46443F8-B468-47D3-BFF1-A861B2DBE875}.Ad-Hoc|iPhone.ActiveCfg = Ad-Hoc|iPhone
		{E46443F8-B468-47D3-BFF1-A861B2DBE875}.Ad-Hoc|iPhone.Build.0 = Ad-Hoc|iPhone
		{E46443F8-B468-47D3-BFF1-A861B2DBE875}.Ad-Hoc|iPhoneSimulator.ActiveCfg = Ad-Hoc|iPhoneSimulator
		{E46443F8-B468-47D3-BFF1-A861B2DBE875}.Ad-Hoc|iPhoneSimulator.Build.0 = Ad-Hoc|iPhoneSimulator
		{E46443F8-B468-47D3-BFF1-A861B2DBE875}.Ad-Hoc|x64.ActiveCfg = Ad-Hoc|iPhone
		{E46443F8-B468-47D3-BFF1-A861B2DBE875}.Ad-Hoc|x86.ActiveCfg = Ad-Hoc|iPhone
		{E46443F8-B468-47D3-BFF1-A861B2DBE875}.AppStore|Any CPU.ActiveCfg = AppStore|iPhone
		{E46443F8-B468-47D3-BFF1-A861B2DBE875}.AppStore|ARM.ActiveCfg = AppStore|iPhone
		{E46443F8-B468-47D3-BFF1-A861B2DBE875}.AppStore|iPhone.ActiveCfg = AppStore|iPhone
		{E46443F8-B468-47D3-BFF1-A861B2DBE875}.AppStore|iPhone.Build.0 = AppStore|iPhone
		{E46443F8-B468-47D3-BFF1-A861B2DBE875}.AppStore|iPhoneSimulator.ActiveCfg = AppStore|iPhoneSimulator
		{E46443F8-B468-47D3-BFF1-A861B2DBE875}.AppStore|iPhoneSimulator.Build.0 = AppStore|iPhoneSimulator
		{E46443F8-B468-47D3-BFF1-A861B2DBE875}.AppStore|x64.ActiveCfg = AppStore|iPhone
		{E46443F8-B468-47D3-BFF1-A861B2DBE875}.AppStore|x86.ActiveCfg = AppStore|iPhone
		{E46443F8-B468-47D3-BFF1-A861B2DBE875}.Debug|Any CPU.ActiveCfg = Debug|iPhone
		{E46443F8-B468-47D3-BFF1-A861B2DBE875}.Debug|ARM.ActiveCfg = Debug|iPhone
		{E46443F8-B468-47D3-BFF1-A861B2DBE875}.Debug|iPhone.ActiveCfg = Debug|iPhone
		{E46443F8-B468-47D3-BFF1-A861B2DBE875}.Debug|iPhone.Build.0 = Debug|iPhone
		{E46443F8-B468-47D3-BFF1-A861B2DBE875}.Debug|iPhoneSimulator.ActiveCfg = Debug|iPhoneSimulator
		{E46443F8-B468-47D3-BFF1-A861B2DBE875}.Debug|iPhoneSimulator.Build.0 = Debug|iPhoneSimulator
		{E46443F8-B468-47D3-BFF1-A861B2DBE875}.Debug|x64.ActiveCfg = Debug|iPhone
		{E46443F8-B468-47D3-BFF1-A861B2DBE875}.Debug|x86.ActiveCfg = Debug|iPhone
		{E46443F8-B468-47D3-BFF1-A861B2DBE875}.Release|Any CPU.ActiveCfg = Release|iPhone
		{E46443F8-B468-47D3-BFF1-A861B2DBE875}.Release|ARM.ActiveCfg = Release|iPhone
		{E46443F8-B468-47D3-BFF1-A861B2DBE875}.Release|iPhone.ActiveCfg = Release|iPhone
		{E46443F8-B468-47D3-BFF1-A861B2DBE875}.Release|iPhone.Build.0 = Release|iPhone
		{E46443F8-B468-47D3-BFF1-A861B2DBE875}.Release|iPhoneSimulator.ActiveCfg = Release|iPhoneSimulator
		{E46443F8-B468-47D3-BFF1-A861B2DBE875}.Release|iPhoneSimulator.Build.0 = Release|iPhoneSimulator
		{E46443F8-B468-47D3-BFF1-A861B2DBE875}.Release|x64.ActiveCfg = Release|iPhone
		{E46443F8-B468-47D3-BFF1-A861B2DBE875}.Release|x86.ActiveCfg = Release|iPhone
		{0198DF65-1731-4272-A063-29694DF3B45E}.Ad-Hoc|Any CPU.ActiveCfg = Release|x86
		{0198DF65-1731-4272-A063-29694DF3B45E}.Ad-Hoc|Any CPU.Build.0 = Release|x86
		{0198DF65-1731-4272-A063-29694DF3B45E}.Ad-Hoc|Any CPU.Deploy.0 = Release|x86
		{0198DF65-1731-4272-A063-29694DF3B45E}.Ad-Hoc|ARM.ActiveCfg = Release|ARM
		{0198DF65-1731-4272-A063-29694DF3B45E}.Ad-Hoc|ARM.Build.0 = Release|ARM
		{0198DF65-1731-4272-A063-29694DF3B45E}.Ad-Hoc|ARM.Deploy.0 = Release|ARM
		{0198DF65-1731-4272-A063-29694DF3B45E}.Ad-Hoc|iPhone.ActiveCfg = Release|x86
		{0198DF65-1731-4272-A063-29694DF3B45E}.Ad-Hoc|iPhone.Build.0 = Release|x86
		{0198DF65-1731-4272-A063-29694DF3B45E}.Ad-Hoc|iPhone.Deploy.0 = Release|x86
		{0198DF65-1731-4272-A063-29694DF3B45E}.Ad-Hoc|iPhoneSimulator.ActiveCfg = Release|x86
		{0198DF65-1731-4272-A063-29694DF3B45E}.Ad-Hoc|iPhoneSimulator.Build.0 = Release|x86
		{0198DF65-1731-4272-A063-29694DF3B45E}.Ad-Hoc|iPhoneSimulator.Deploy.0 = Release|x86
		{0198DF65-1731-4272-A063-29694DF3B45E}.Ad-Hoc|x64.ActiveCfg = Release|x64
		{0198DF65-1731-4272-A063-29694DF3B45E}.Ad-Hoc|x64.Build.0 = Release|x64
		{0198DF65-1731-4272-A063-29694DF3B45E}.Ad-Hoc|x64.Deploy.0 = Release|x64
		{0198DF65-1731-4272-A063-29694DF3B45E}.Ad-Hoc|x86.ActiveCfg = Release|x86
		{0198DF65-1731-4272-A063-29694DF3B45E}.Ad-Hoc|x86.Build.0 = Release|x86
		{0198DF65-1731-4272-A063-29694DF3B45E}.Ad-Hoc|x86.Deploy.0 = Release|x86
		{0198DF65-1731-4272-A063-29694DF3B45E}.AppStore|Any CPU.ActiveCfg = Release|x86
		{0198DF65-1731-4272-A063-29694DF3B45E}.AppStore|Any CPU.Build.0 = Release|x86
		{0198DF65-1731-4272-A063-29694DF3B45E}.AppStore|Any CPU.Deploy.0 = Release|x86
		{0198DF65-1731-4272-A063-29694DF3B45E}.AppStore|ARM.ActiveCfg = Release|ARM
		{0198DF65-1731-4272-A063-29694DF3B45E}.AppStore|ARM.Build.0 = Release|ARM
		{0198DF65-1731-4272-A063-29694DF3B45E}.AppStore|ARM.Deploy.0 = Release|ARM
		{0198DF65-1731-4272-A063-29694DF3B45E}.AppStore|iPhone.ActiveCfg = Release|x86
		{0198DF65-1731-4272-A063-29694DF3B45E}.AppStore|iPhone.Build.0 = Release|x86
		{0198DF65-1731-4272-A063-29694DF3B45E}.AppStore|iPhone.Deploy.0 = Release|x86
		{0198DF65-1731-4272-A063-29694DF3B45E}.AppStore|iPhoneSimulator.ActiveCfg = Release|x86
		{0198DF65-1731-4272-A063-29694DF3B45E}.AppStore|iPhoneSimulator.Build.0 = Release|x86
		{0198DF65-1731-4272-A063-29694DF3B45E}.AppStore|iPhoneSimulator.Deploy.0 = Release|x86
		{0198DF65-1731-4272-A063-29694DF3B45E}.AppStore|x64.ActiveCfg = Release|x64
		{0198DF65-1731-4272-A063-29694DF3B45E}.AppStore|x64.Build.0 = Release|x64
		{0198DF65-1731-4272-A063-29694DF3B45E}.AppStore|x64.Deploy.0 = Release|x64
		{0198DF65-1731-4272-A063-29694DF3B45E}.AppStore|x86.ActiveCfg = Release|x86
		{0198DF65-1731-4272-A063-29694DF3B45E}.AppStore|x86.Build.0 = Release|x86
		{0198DF65-1731-4272-A063-29694DF3B45E}.AppStore|x86.Deploy.0 = Release|x86
		{0198DF65-1731-4272-A063-29694DF3B45E}.Debug|Any CPU.ActiveCfg = Debug|x86
		{0198DF65-1731-4272-A063-29694DF3B45E}.Debug|ARM.ActiveCfg = Debug|ARM
		{0198DF65-1731-4272-A063-29694DF3B45E}.Debug|ARM.Build.0 = Debug|ARM
		{0198DF65-1731-4272-A063-29694DF3B45E}.Debug|ARM.Deploy.0 = Debug|ARM
		{0198DF65-1731-4272-A063-29694DF3B45E}.Debug|iPhone.ActiveCfg = Debug|x86
		{0198DF65-1731-4272-A063-29694DF3B45E}.Debug|iPhoneSimulator.ActiveCfg = Debug|x86
		{0198DF65-1731-4272-A063-29694DF3B45E}.Debug|x64.ActiveCfg = Debug|x64
		{0198DF65-1731-4272-A063-29694DF3B45E}.Debug|x64.Build.0 = Debug|x64
		{0198DF65-1731-4272-A063-29694DF3B45E}.Debug|x64.Deploy.0 = Debug|x64
		{0198DF65-1731-4272-A063-29694DF3B45E}.Debug|x86.ActiveCfg = Debug|x86
		{0198DF65-1731-4272-A063-29694DF3B45E}.Debug|x86.Build.0 = Debug|x86
		{0198DF65-1731-4272-A063-29694DF3B45E}.Debug|x86.Deploy.0 = Debug|x86
		{0198DF65-1731-4272-A063-29694DF3B45E}.Release|Any CPU.ActiveCfg = Release|x86
		{0198DF65-1731-4272-A063-29694DF3B45E}.Release|ARM.ActiveCfg = Release|ARM
		{0198DF65-1731-4272-A063-29694DF3B45E}.Release|ARM.Build.0 = Release|ARM
		{0198DF65-1731-4272-A063-29694DF3B45E}.Release|ARM.Deploy.0 = Release|ARM
		{0198DF65-1731-4272-A063-29694DF3B45E}.Release|iPhone.ActiveCfg = Release|x86
		{0198DF65-1731-4272-A063-29694DF3B45E}.Release|iPhoneSimulator.ActiveCfg = Release|x86
		{0198DF65-1731-4272-A063-29694DF3B45E}.Release|x64.ActiveCfg = Release|x64
		{0198DF65-1731-4272-A063-29694DF3B45E}.Release|x64.Build.0 = Release|x64
		{0198DF65-1731-4272-A063-29694DF3B45E}.Release|x64.Deploy.0 = Release|x64
		{0198DF65-1731-4272-A063-29694DF3B45E}.Release|x86.ActiveCfg = Release|x86
		{0198DF65-1731-4272-A063-29694DF3B45E}.Release|x86.Build.0 = Release|x86
		{0198DF65-1731-4272-A063-29694DF3B45E}.Release|x86.Deploy.0 = Release|x86
		{D8CEAD7C-4773-42F5-A842-D239EA730BDD}.Ad-Hoc|Any CPU.ActiveCfg = Debug|Any CPU
		{D8CEAD7C-4773-42F5-A842-D239EA730BDD}.Ad-Hoc|Any CPU.Build.0 = Debug|Any CPU
		{D8CEAD7C-4773-42F5-A842-D239EA730BDD}.Ad-Hoc|ARM.ActiveCfg = Debug|Any CPU
		{D8CEAD7C-4773-42F5-A842-D239EA730BDD}.Ad-Hoc|ARM.Build.0 = Debug|Any CPU
		{D8CEAD7C-4773-42F5-A842-D239EA730BDD}.Ad-Hoc|iPhone.ActiveCfg = Debug|Any CPU
		{D8CEAD7C-4773-42F5-A842-D239EA730BDD}.Ad-Hoc|iPhone.Build.0 = Debug|Any CPU
		{D8CEAD7C-4773-42F5-A842-D239EA730BDD}.Ad-Hoc|iPhoneSimulator.ActiveCfg = Debug|Any CPU
		{D8CEAD7C-4773-42F5-A842-D239EA730BDD}.Ad-Hoc|iPhoneSimulator.Build.0 = Debug|Any CPU
		{D8CEAD7C-4773-42F5-A842-D239EA730BDD}.Ad-Hoc|x64.ActiveCfg = Debug|Any CPU
		{D8CEAD7C-4773-42F5-A842-D239EA730BDD}.Ad-Hoc|x64.Build.0 = Debug|Any CPU
		{D8CEAD7C-4773-42F5-A842-D239EA730BDD}.Ad-Hoc|x86.ActiveCfg = Debug|Any CPU
		{D8CEAD7C-4773-42F5-A842-D239EA730BDD}.Ad-Hoc|x86.Build.0 = Debug|Any CPU
		{D8CEAD7C-4773-42F5-A842-D239EA730BDD}.AppStore|Any CPU.ActiveCfg = Debug|Any CPU
		{D8CEAD7C-4773-42F5-A842-D239EA730BDD}.AppStore|Any CPU.Build.0 = Debug|Any CPU
		{D8CEAD7C-4773-42F5-A842-D239EA730BDD}.AppStore|ARM.ActiveCfg = Debug|Any CPU
		{D8CEAD7C-4773-42F5-A842-D239EA730BDD}.AppStore|ARM.Build.0 = Debug|Any CPU
		{D8CEAD7C-4773-42F5-A842-D239EA730BDD}.AppStore|iPhone.ActiveCfg = Debug|Any CPU
		{D8CEAD7C-4773-42F5-A842-D239EA730BDD}.AppStore|iPhone.Build.0 = Debug|Any CPU
		{D8CEAD7C-4773-42F5-A842-D239EA730BDD}.AppStore|iPhoneSimulator.ActiveCfg = Debug|Any CPU
		{D8CEAD7C-4773-42F5-A842-D239EA730BDD}.AppStore|iPhoneSimulator.Build.0 = Debug|Any CPU
		{D8CEAD7C-4773-42F5-A842-D239EA730BDD}.AppStore|x64.ActiveCfg = Debug|Any CPU
		{D8CEAD7C-4773-42F5-A842-D239EA730BDD}.AppStore|x64.Build.0 = Debug|Any CPU
		{D8CEAD7C-4773-42F5-A842-D239EA730BDD}.AppStore|x86.ActiveCfg = Debug|Any CPU
		{D8CEAD7C-4773-42F5-A842-D239EA730BDD}.AppStore|x86.Build.0 = Debug|Any CPU
		{D8CEAD7C-4773-42F5-A842-D239EA730BDD}.Debug|Any CPU.ActiveCfg = Debug|Any CPU
		{D8CEAD7C-4773-42F5-A842-D239EA730BDD}.Debug|Any CPU.Build.0 = Debug|Any CPU
		{D8CEAD7C-4773-42F5-A842-D239EA730BDD}.Debug|ARM.ActiveCfg = Debug|Any CPU
		{D8CEAD7C-4773-42F5-A842-D239EA730BDD}.Debug|ARM.Build.0 = Debug|Any CPU
		{D8CEAD7C-4773-42F5-A842-D239EA730BDD}.Debug|iPhone.ActiveCfg = Debug|Any CPU
		{D8CEAD7C-4773-42F5-A842-D239EA730BDD}.Debug|iPhone.Build.0 = Debug|Any CPU
		{D8CEAD7C-4773-42F5-A842-D239EA730BDD}.Debug|iPhoneSimulator.ActiveCfg = Debug|Any CPU
		{D8CEAD7C-4773-42F5-A842-D239EA730BDD}.Debug|iPhoneSimulator.Build.0 = Debug|Any CPU
		{D8CEAD7C-4773-42F5-A842-D239EA730BDD}.Debug|x64.ActiveCfg = Debug|Any CPU
		{D8CEAD7C-4773-42F5-A842-D239EA730BDD}.Debug|x64.Build.0 = Debug|Any CPU
		{D8CEAD7C-4773-42F5-A842-D239EA730BDD}.Debug|x86.ActiveCfg = Debug|Any CPU
		{D8CEAD7C-4773-42F5-A842-D239EA730BDD}.Debug|x86.Build.0 = Debug|Any CPU
		{D8CEAD7C-4773-42F5-A842-D239EA730BDD}.Release|Any CPU.ActiveCfg = Release|Any CPU
		{D8CEAD7C-4773-42F5-A842-D239EA730BDD}.Release|Any CPU.Build.0 = Release|Any CPU
		{D8CEAD7C-4773-42F5-A842-D239EA730BDD}.Release|ARM.ActiveCfg = Release|Any CPU
		{D8CEAD7C-4773-42F5-A842-D239EA730BDD}.Release|ARM.Build.0 = Release|Any CPU
		{D8CEAD7C-4773-42F5-A842-D239EA730BDD}.Release|iPhone.ActiveCfg = Release|Any CPU
		{D8CEAD7C-4773-42F5-A842-D239EA730BDD}.Release|iPhone.Build.0 = Release|Any CPU
		{D8CEAD7C-4773-42F5-A842-D239EA730BDD}.Release|iPhoneSimulator.ActiveCfg = Release|Any CPU
		{D8CEAD7C-4773-42F5-A842-D239EA730BDD}.Release|iPhoneSimulator.Build.0 = Release|Any CPU
		{D8CEAD7C-4773-42F5-A842-D239EA730BDD}.Release|x64.ActiveCfg = Release|Any CPU
		{D8CEAD7C-4773-42F5-A842-D239EA730BDD}.Release|x64.Build.0 = Release|Any CPU
		{D8CEAD7C-4773-42F5-A842-D239EA730BDD}.Release|x86.ActiveCfg = Release|Any CPU
		{D8CEAD7C-4773-42F5-A842-D239EA730BDD}.Release|x86.Build.0 = Release|Any CPU
		{6082ED39-79C8-497F-A4B1-DAFF45D51E6E}.Ad-Hoc|Any CPU.ActiveCfg = Release|Any CPU
		{6082ED39-79C8-497F-A4B1-DAFF45D51E6E}.Ad-Hoc|Any CPU.Build.0 = Release|Any CPU
		{6082ED39-79C8-497F-A4B1-DAFF45D51E6E}.Ad-Hoc|ARM.ActiveCfg = Release|Any CPU
		{6082ED39-79C8-497F-A4B1-DAFF45D51E6E}.Ad-Hoc|ARM.Build.0 = Release|Any CPU
		{6082ED39-79C8-497F-A4B1-DAFF45D51E6E}.Ad-Hoc|iPhone.ActiveCfg = Release|Any CPU
		{6082ED39-79C8-497F-A4B1-DAFF45D51E6E}.Ad-Hoc|iPhone.Build.0 = Release|Any CPU
		{6082ED39-79C8-497F-A4B1-DAFF45D51E6E}.Ad-Hoc|iPhoneSimulator.ActiveCfg = Release|Any CPU
		{6082ED39-79C8-497F-A4B1-DAFF45D51E6E}.Ad-Hoc|iPhoneSimulator.Build.0 = Release|Any CPU
		{6082ED39-79C8-497F-A4B1-DAFF45D51E6E}.Ad-Hoc|x64.ActiveCfg = Release|Any CPU
		{6082ED39-79C8-497F-A4B1-DAFF45D51E6E}.Ad-Hoc|x64.Build.0 = Release|Any CPU
		{6082ED39-79C8-497F-A4B1-DAFF45D51E6E}.Ad-Hoc|x86.ActiveCfg = Release|Any CPU
		{6082ED39-79C8-497F-A4B1-DAFF45D51E6E}.Ad-Hoc|x86.Build.0 = Release|Any CPU
		{6082ED39-79C8-497F-A4B1-DAFF45D51E6E}.AppStore|Any CPU.ActiveCfg = Release|Any CPU
		{6082ED39-79C8-497F-A4B1-DAFF45D51E6E}.AppStore|Any CPU.Build.0 = Release|Any CPU
		{6082ED39-79C8-497F-A4B1-DAFF45D51E6E}.AppStore|ARM.ActiveCfg = Release|Any CPU
		{6082ED39-79C8-497F-A4B1-DAFF45D51E6E}.AppStore|ARM.Build.0 = Release|Any CPU
		{6082ED39-79C8-497F-A4B1-DAFF45D51E6E}.AppStore|iPhone.ActiveCfg = Release|Any CPU
		{6082ED39-79C8-497F-A4B1-DAFF45D51E6E}.AppStore|iPhone.Build.0 = Release|Any CPU
		{6082ED39-79C8-497F-A4B1-DAFF45D51E6E}.AppStore|iPhoneSimulator.ActiveCfg = Release|Any CPU
		{6082ED39-79C8-497F-A4B1-DAFF45D51E6E}.AppStore|iPhoneSimulator.Build.0 = Release|Any CPU
		{6082ED39-79C8-497F-A4B1-DAFF45D51E6E}.AppStore|x64.ActiveCfg = Release|Any CPU
		{6082ED39-79C8-497F-A4B1-DAFF45D51E6E}.AppStore|x64.Build.0 = Release|Any CPU
		{6082ED39-79C8-497F-A4B1-DAFF45D51E6E}.AppStore|x86.ActiveCfg = Release|Any CPU
		{6082ED39-79C8-497F-A4B1-DAFF45D51E6E}.AppStore|x86.Build.0 = Release|Any CPU
		{6082ED39-79C8-497F-A4B1-DAFF45D51E6E}.Debug|Any CPU.ActiveCfg = Debug|Any CPU
		{6082ED39-79C8-497F-A4B1-DAFF45D51E6E}.Debug|Any CPU.Build.0 = Debug|Any CPU
		{6082ED39-79C8-497F-A4B1-DAFF45D51E6E}.Debug|ARM.ActiveCfg = Debug|Any CPU
		{6082ED39-79C8-497F-A4B1-DAFF45D51E6E}.Debug|ARM.Build.0 = Debug|Any CPU
		{6082ED39-79C8-497F-A4B1-DAFF45D51E6E}.Debug|iPhone.ActiveCfg = Debug|Any CPU
		{6082ED39-79C8-497F-A4B1-DAFF45D51E6E}.Debug|iPhone.Build.0 = Debug|Any CPU
		{6082ED39-79C8-497F-A4B1-DAFF45D51E6E}.Debug|iPhoneSimulator.ActiveCfg = Debug|Any CPU
		{6082ED39-79C8-497F-A4B1-DAFF45D51E6E}.Debug|iPhoneSimulator.Build.0 = Debug|Any CPU
		{6082ED39-79C8-497F-A4B1-DAFF45D51E6E}.Debug|x64.ActiveCfg = Debug|Any CPU
		{6082ED39-79C8-497F-A4B1-DAFF45D51E6E}.Debug|x64.Build.0 = Debug|Any CPU
		{6082ED39-79C8-497F-A4B1-DAFF45D51E6E}.Debug|x86.ActiveCfg = Debug|Any CPU
		{6082ED39-79C8-497F-A4B1-DAFF45D51E6E}.Debug|x86.Build.0 = Debug|Any CPU
		{6082ED39-79C8-497F-A4B1-DAFF45D51E6E}.Release|Any CPU.ActiveCfg = Release|Any CPU
		{6082ED39-79C8-497F-A4B1-DAFF45D51E6E}.Release|Any CPU.Build.0 = Release|Any CPU
		{6082ED39-79C8-497F-A4B1-DAFF45D51E6E}.Release|ARM.ActiveCfg = Release|Any CPU
		{6082ED39-79C8-497F-A4B1-DAFF45D51E6E}.Release|ARM.Build.0 = Release|Any CPU
		{6082ED39-79C8-497F-A4B1-DAFF45D51E6E}.Release|iPhone.ActiveCfg = Release|Any CPU
		{6082ED39-79C8-497F-A4B1-DAFF45D51E6E}.Release|iPhone.Build.0 = Release|Any CPU
		{6082ED39-79C8-497F-A4B1-DAFF45D51E6E}.Release|iPhoneSimulator.ActiveCfg = Release|Any CPU
		{6082ED39-79C8-497F-A4B1-DAFF45D51E6E}.Release|iPhoneSimulator.Build.0 = Release|Any CPU
		{6082ED39-79C8-497F-A4B1-DAFF45D51E6E}.Release|x64.ActiveCfg = Release|Any CPU
		{6082ED39-79C8-497F-A4B1-DAFF45D51E6E}.Release|x64.Build.0 = Release|Any CPU
		{6082ED39-79C8-497F-A4B1-DAFF45D51E6E}.Release|x86.ActiveCfg = Release|Any CPU
		{6082ED39-79C8-497F-A4B1-DAFF45D51E6E}.Release|x86.Build.0 = Release|Any CPU
		{5EE062E2-3B6D-4CCF-A21B-AC3C847E58CA}.Ad-Hoc|Any CPU.ActiveCfg = Release|Any CPU
		{5EE062E2-3B6D-4CCF-A21B-AC3C847E58CA}.Ad-Hoc|Any CPU.Build.0 = Release|Any CPU
		{5EE062E2-3B6D-4CCF-A21B-AC3C847E58CA}.Ad-Hoc|ARM.ActiveCfg = Release|Any CPU
		{5EE062E2-3B6D-4CCF-A21B-AC3C847E58CA}.Ad-Hoc|ARM.Build.0 = Release|Any CPU
		{5EE062E2-3B6D-4CCF-A21B-AC3C847E58CA}.Ad-Hoc|iPhone.ActiveCfg = Release|Any CPU
		{5EE062E2-3B6D-4CCF-A21B-AC3C847E58CA}.Ad-Hoc|iPhone.Build.0 = Release|Any CPU
		{5EE062E2-3B6D-4CCF-A21B-AC3C847E58CA}.Ad-Hoc|iPhoneSimulator.ActiveCfg = Release|Any CPU
		{5EE062E2-3B6D-4CCF-A21B-AC3C847E58CA}.Ad-Hoc|iPhoneSimulator.Build.0 = Release|Any CPU
		{5EE062E2-3B6D-4CCF-A21B-AC3C847E58CA}.Ad-Hoc|x64.ActiveCfg = Release|Any CPU
		{5EE062E2-3B6D-4CCF-A21B-AC3C847E58CA}.Ad-Hoc|x64.Build.0 = Release|Any CPU
		{5EE062E2-3B6D-4CCF-A21B-AC3C847E58CA}.Ad-Hoc|x86.ActiveCfg = Release|Any CPU
		{5EE062E2-3B6D-4CCF-A21B-AC3C847E58CA}.Ad-Hoc|x86.Build.0 = Release|Any CPU
		{5EE062E2-3B6D-4CCF-A21B-AC3C847E58CA}.AppStore|Any CPU.ActiveCfg = Release|Any CPU
		{5EE062E2-3B6D-4CCF-A21B-AC3C847E58CA}.AppStore|Any CPU.Build.0 = Release|Any CPU
		{5EE062E2-3B6D-4CCF-A21B-AC3C847E58CA}.AppStore|ARM.ActiveCfg = Release|Any CPU
		{5EE062E2-3B6D-4CCF-A21B-AC3C847E58CA}.AppStore|ARM.Build.0 = Release|Any CPU
		{5EE062E2-3B6D-4CCF-A21B-AC3C847E58CA}.AppStore|iPhone.ActiveCfg = Release|Any CPU
		{5EE062E2-3B6D-4CCF-A21B-AC3C847E58CA}.AppStore|iPhone.Build.0 = Release|Any CPU
		{5EE062E2-3B6D-4CCF-A21B-AC3C847E58CA}.AppStore|iPhoneSimulator.ActiveCfg = Release|Any CPU
		{5EE062E2-3B6D-4CCF-A21B-AC3C847E58CA}.AppStore|iPhoneSimulator.Build.0 = Release|Any CPU
		{5EE062E2-3B6D-4CCF-A21B-AC3C847E58CA}.AppStore|x64.ActiveCfg = Release|Any CPU
		{5EE062E2-3B6D-4CCF-A21B-AC3C847E58CA}.AppStore|x64.Build.0 = Release|Any CPU
		{5EE062E2-3B6D-4CCF-A21B-AC3C847E58CA}.AppStore|x86.ActiveCfg = Release|Any CPU
		{5EE062E2-3B6D-4CCF-A21B-AC3C847E58CA}.AppStore|x86.Build.0 = Release|Any CPU
		{5EE062E2-3B6D-4CCF-A21B-AC3C847E58CA}.Debug|Any CPU.ActiveCfg = Debug|Any CPU
		{5EE062E2-3B6D-4CCF-A21B-AC3C847E58CA}.Debug|Any CPU.Build.0 = Debug|Any CPU
		{5EE062E2-3B6D-4CCF-A21B-AC3C847E58CA}.Debug|ARM.ActiveCfg = Debug|Any CPU
		{5EE062E2-3B6D-4CCF-A21B-AC3C847E58CA}.Debug|ARM.Build.0 = Debug|Any CPU
		{5EE062E2-3B6D-4CCF-A21B-AC3C847E58CA}.Debug|iPhone.ActiveCfg = Debug|Any CPU
		{5EE062E2-3B6D-4CCF-A21B-AC3C847E58CA}.Debug|iPhone.Build.0 = Debug|Any CPU
		{5EE062E2-3B6D-4CCF-A21B-AC3C847E58CA}.Debug|iPhoneSimulator.ActiveCfg = Debug|Any CPU
		{5EE062E2-3B6D-4CCF-A21B-AC3C847E58CA}.Debug|iPhoneSimulator.Build.0 = Debug|Any CPU
		{5EE062E2-3B6D-4CCF-A21B-AC3C847E58CA}.Debug|x64.ActiveCfg = Debug|Any CPU
		{5EE062E2-3B6D-4CCF-A21B-AC3C847E58CA}.Debug|x64.Build.0 = Debug|Any CPU
		{5EE062E2-3B6D-4CCF-A21B-AC3C847E58CA}.Debug|x86.ActiveCfg = Debug|Any CPU
		{5EE062E2-3B6D-4CCF-A21B-AC3C847E58CA}.Debug|x86.Build.0 = Debug|Any CPU
		{5EE062E2-3B6D-4CCF-A21B-AC3C847E58CA}.Release|Any CPU.ActiveCfg = Release|Any CPU
		{5EE062E2-3B6D-4CCF-A21B-AC3C847E58CA}.Release|Any CPU.Build.0 = Release|Any CPU
		{5EE062E2-3B6D-4CCF-A21B-AC3C847E58CA}.Release|ARM.ActiveCfg = Release|Any CPU
		{5EE062E2-3B6D-4CCF-A21B-AC3C847E58CA}.Release|ARM.Build.0 = Release|Any CPU
		{5EE062E2-3B6D-4CCF-A21B-AC3C847E58CA}.Release|iPhone.ActiveCfg = Release|Any CPU
		{5EE062E2-3B6D-4CCF-A21B-AC3C847E58CA}.Release|iPhone.Build.0 = Release|Any CPU
		{5EE062E2-3B6D-4CCF-A21B-AC3C847E58CA}.Release|iPhoneSimulator.ActiveCfg = Release|Any CPU
		{5EE062E2-3B6D-4CCF-A21B-AC3C847E58CA}.Release|iPhoneSimulator.Build.0 = Release|Any CPU
		{5EE062E2-3B6D-4CCF-A21B-AC3C847E58CA}.Release|x64.ActiveCfg = Release|Any CPU
		{5EE062E2-3B6D-4CCF-A21B-AC3C847E58CA}.Release|x64.Build.0 = Release|Any CPU
		{5EE062E2-3B6D-4CCF-A21B-AC3C847E58CA}.Release|x86.ActiveCfg = Release|Any CPU
		{5EE062E2-3B6D-4CCF-A21B-AC3C847E58CA}.Release|x86.Build.0 = Release|Any CPU
		{C58CC981-BAB2-4718-B988-9E9AA09F93E8}.Ad-Hoc|Any CPU.ActiveCfg = Debug|Any CPU
		{C58CC981-BAB2-4718-B988-9E9AA09F93E8}.Ad-Hoc|Any CPU.Build.0 = Debug|Any CPU
		{C58CC981-BAB2-4718-B988-9E9AA09F93E8}.Ad-Hoc|ARM.ActiveCfg = Debug|Any CPU
		{C58CC981-BAB2-4718-B988-9E9AA09F93E8}.Ad-Hoc|ARM.Build.0 = Debug|Any CPU
		{C58CC981-BAB2-4718-B988-9E9AA09F93E8}.Ad-Hoc|iPhone.ActiveCfg = Debug|Any CPU
		{C58CC981-BAB2-4718-B988-9E9AA09F93E8}.Ad-Hoc|iPhone.Build.0 = Debug|Any CPU
		{C58CC981-BAB2-4718-B988-9E9AA09F93E8}.Ad-Hoc|iPhoneSimulator.ActiveCfg = Debug|Any CPU
		{C58CC981-BAB2-4718-B988-9E9AA09F93E8}.Ad-Hoc|iPhoneSimulator.Build.0 = Debug|Any CPU
		{C58CC981-BAB2-4718-B988-9E9AA09F93E8}.Ad-Hoc|x64.ActiveCfg = Debug|Any CPU
		{C58CC981-BAB2-4718-B988-9E9AA09F93E8}.Ad-Hoc|x64.Build.0 = Debug|Any CPU
		{C58CC981-BAB2-4718-B988-9E9AA09F93E8}.Ad-Hoc|x86.ActiveCfg = Debug|Any CPU
		{C58CC981-BAB2-4718-B988-9E9AA09F93E8}.Ad-Hoc|x86.Build.0 = Debug|Any CPU
		{C58CC981-BAB2-4718-B988-9E9AA09F93E8}.AppStore|Any CPU.ActiveCfg = Debug|Any CPU
		{C58CC981-BAB2-4718-B988-9E9AA09F93E8}.AppStore|Any CPU.Build.0 = Debug|Any CPU
		{C58CC981-BAB2-4718-B988-9E9AA09F93E8}.AppStore|ARM.ActiveCfg = Debug|Any CPU
		{C58CC981-BAB2-4718-B988-9E9AA09F93E8}.AppStore|ARM.Build.0 = Debug|Any CPU
		{C58CC981-BAB2-4718-B988-9E9AA09F93E8}.AppStore|iPhone.ActiveCfg = Debug|Any CPU
		{C58CC981-BAB2-4718-B988-9E9AA09F93E8}.AppStore|iPhone.Build.0 = Debug|Any CPU
		{C58CC981-BAB2-4718-B988-9E9AA09F93E8}.AppStore|iPhoneSimulator.ActiveCfg = Debug|Any CPU
		{C58CC981-BAB2-4718-B988-9E9AA09F93E8}.AppStore|iPhoneSimulator.Build.0 = Debug|Any CPU
		{C58CC981-BAB2-4718-B988-9E9AA09F93E8}.AppStore|x64.ActiveCfg = Debug|Any CPU
		{C58CC981-BAB2-4718-B988-9E9AA09F93E8}.AppStore|x64.Build.0 = Debug|Any CPU
		{C58CC981-BAB2-4718-B988-9E9AA09F93E8}.AppStore|x86.ActiveCfg = Debug|Any CPU
		{C58CC981-BAB2-4718-B988-9E9AA09F93E8}.AppStore|x86.Build.0 = Debug|Any CPU
		{C58CC981-BAB2-4718-B988-9E9AA09F93E8}.Debug|Any CPU.ActiveCfg = Debug|Any CPU
		{C58CC981-BAB2-4718-B988-9E9AA09F93E8}.Debug|Any CPU.Build.0 = Debug|Any CPU
		{C58CC981-BAB2-4718-B988-9E9AA09F93E8}.Debug|ARM.ActiveCfg = Debug|Any CPU
		{C58CC981-BAB2-4718-B988-9E9AA09F93E8}.Debug|ARM.Build.0 = Debug|Any CPU
		{C58CC981-BAB2-4718-B988-9E9AA09F93E8}.Debug|iPhone.ActiveCfg = Debug|Any CPU
		{C58CC981-BAB2-4718-B988-9E9AA09F93E8}.Debug|iPhone.Build.0 = Debug|Any CPU
		{C58CC981-BAB2-4718-B988-9E9AA09F93E8}.Debug|iPhoneSimulator.ActiveCfg = Debug|Any CPU
		{C58CC981-BAB2-4718-B988-9E9AA09F93E8}.Debug|iPhoneSimulator.Build.0 = Debug|Any CPU
		{C58CC981-BAB2-4718-B988-9E9AA09F93E8}.Debug|x64.ActiveCfg = Debug|Any CPU
		{C58CC981-BAB2-4718-B988-9E9AA09F93E8}.Debug|x64.Build.0 = Debug|Any CPU
		{C58CC981-BAB2-4718-B988-9E9AA09F93E8}.Debug|x86.ActiveCfg = Debug|Any CPU
		{C58CC981-BAB2-4718-B988-9E9AA09F93E8}.Debug|x86.Build.0 = Debug|Any CPU
		{C58CC981-BAB2-4718-B988-9E9AA09F93E8}.Release|Any CPU.ActiveCfg = Release|Any CPU
		{C58CC981-BAB2-4718-B988-9E9AA09F93E8}.Release|Any CPU.Build.0 = Release|Any CPU
		{C58CC981-BAB2-4718-B988-9E9AA09F93E8}.Release|ARM.ActiveCfg = Release|Any CPU
		{C58CC981-BAB2-4718-B988-9E9AA09F93E8}.Release|ARM.Build.0 = Release|Any CPU
		{C58CC981-BAB2-4718-B988-9E9AA09F93E8}.Release|iPhone.ActiveCfg = Release|Any CPU
		{C58CC981-BAB2-4718-B988-9E9AA09F93E8}.Release|iPhone.Build.0 = Release|Any CPU
		{C58CC981-BAB2-4718-B988-9E9AA09F93E8}.Release|iPhoneSimulator.ActiveCfg = Release|Any CPU
		{C58CC981-BAB2-4718-B988-9E9AA09F93E8}.Release|iPhoneSimulator.Build.0 = Release|Any CPU
		{C58CC981-BAB2-4718-B988-9E9AA09F93E8}.Release|x64.ActiveCfg = Release|Any CPU
		{C58CC981-BAB2-4718-B988-9E9AA09F93E8}.Release|x64.Build.0 = Release|Any CPU
		{C58CC981-BAB2-4718-B988-9E9AA09F93E8}.Release|x86.ActiveCfg = Release|Any CPU
		{C58CC981-BAB2-4718-B988-9E9AA09F93E8}.Release|x86.Build.0 = Release|Any CPU
	EndGlobalSection
	GlobalSection(SolutionProperties) = preSolution
		HideSolutionNode = FALSE
	EndGlobalSection
	GlobalSection(ExtensibilityGlobals) = postSolution
		SolutionGuid = {7F1AE8B8-0C03-4F89-83D8-E98FB9D06A3D}
	EndGlobalSection
EndGlobal
